
Microsoft Visual Studio Solution File, Format Version 12.00
# Visual Studio Version 17
VisualStudioVersion = 17.4.33213.308
MinimumVisualStudioVersion = 10.0.40219.1
Project("{FAE04EC0-301F-11D3-BF4B-00C04F79EFBC}") = "ParkAwayServer", "ParkAwayServer\ParkAwayServer.csproj", "{61D40C2F-55ED-4497-A767-DCF743C06E11}"
EndProject
Global
	GlobalSection(SolutionConfigurationPlatforms) = preSolution
		Debug|Any CPU = Debug|Any CPU
		Release|Any CPU = Release|Any CPU
	EndGlobalSection
	GlobalSection(ProjectConfigurationPlatforms) = postSolution
		{61D40C2F-55ED-4497-A767-DCF743C06E11}.Debug|Any CPU.ActiveCfg = Debug|Any CPU
		{61D40C2F-55ED-4497-A767-DCF743C06E11}.Debug|Any CPU.Build.0 = Debug|Any CPU
		{61D40C2F-55ED-4497-A767-DCF743C06E11}.Release|Any CPU.ActiveCfg = Release|Any CPU
		{61D40C2F-55ED-4497-A767-DCF743C06E11}.Release|Any CPU.Build.0 = Release|Any CPU
	EndGlobalSection
	GlobalSection(SolutionProperties) = preSolution
		HideSolutionNode = FALSE
	EndGlobalSection
	GlobalSection(ExtensibilityGlobals) = postSolution
		SolutionGuid = {2D98806C-B0B4-47FC-B095-9451983A6A05}
	EndGlobalSection
EndGlobal
